
Microsoft Visual Studio Solution File, Format Version 12.00
# Visual Studio Version 17
VisualStudioVersion = 17.0.31903.59
MinimumVisualStudioVersion = 10.0.40219.1
Project("{9A19103F-16F7-4668-BE54-9A1E7A4F7556}") = "HardwarePaintShop.Desktop", "src\HardwarePaintShop.Desktop\HardwarePaintShop.Desktop.csproj", "{11111111-0001-0000-0000-000000000000}"
EndProject
Project("{9A19103F-16F7-4668-BE54-9A1E7A4F7556}") = "HardwarePaintShop.Domain", "src\HardwarePaintShop.Domain\HardwarePaintShop.Domain.csproj", "{11111111-0002-0000-0000-000000000000}"
EndProject
Project("{9A19103F-16F7-4668-BE54-9A1E7A4F7556}") = "HardwarePaintShop.Application", "src\HardwarePaintShop.Application\HardwarePaintShop.Application.csproj", "{11111111-0003-0000-0000-000000000000}"
EndProject
Project("{9A19103F-16F7-4668-BE54-9A1E7A4F7556}") = "HardwarePaintShop.Infrastructure", "src\HardwarePaintShop.Infrastructure\HardwarePaintShop.Infrastructure.csproj", "{11111111-0004-0000-0000-000000000000}"
EndProject
Project("{9A19103F-16F7-4668-BE54-9A1E7A4F7556}") = "HardwarePaintShop.Api", "src\HardwarePaintShop.Api\HardwarePaintShop.Api.csproj", "{11111111-0005-0000-0000-000000000000}"
EndProject
Project("{9A19103F-16F7-4668-BE54-9A1E7A4F7556}") = "HardwarePaintShop.UnitTests", "tests\HardwarePaintShop.UnitTests\HardwarePaintShop.UnitTests.csproj", "{11111111-0006-0000-0000-000000000000}"
EndProject
Project("{9A19103F-16F7-4668-BE54-9A1E7A4F7556}") = "HardwarePaintShop.IntegrationTests", "tests\HardwarePaintShop.IntegrationTests\HardwarePaintShop.IntegrationTests.csproj", "{11111111-0007-0000-0000-000000000000}"
EndProject
Project("{2150E333-8FDC-42A3-9474-1A3956D46DE8}") = "src", "src", "{FOLDER0001-0000-0000-0000-000000000000}"
EndProject
Project("{2150E333-8FDC-42A3-9474-1A3956D46DE8}") = "tests", "tests", "{FOLDER0002-0000-0000-0000-000000000000}"
EndProject
Global
	GlobalSection(SolutionConfigurationPlatforms) = preSolution
		Debug|Any CPU = Debug|Any CPU
		Release|Any CPU = Release|Any CPU
	EndGlobalSection
	GlobalSection(ProjectConfigurationPlatforms) = postSolution
		{11111111-0001-0000-0000-000000000000}.Debug|Any CPU.ActiveCfg = Debug|Any CPU
		{11111111-0001-0000-0000-000000000000}.Debug|Any CPU.Build.0 = Debug|Any CPU
		{11111111-0001-0000-0000-000000000000}.Release|Any CPU.ActiveCfg = Release|Any CPU
		{11111111-0001-0000-0000-000000000000}.Release|Any CPU.Build.0 = Release|Any CPU
		{11111111-0002-0000-0000-000000000000}.Debug|Any CPU.ActiveCfg = Debug|Any CPU
		{11111111-0002-0000-0000-000000000000}.Debug|Any CPU.Build.0 = Debug|Any CPU
		{11111111-0002-0000-0000-000000000000}.Release|Any CPU.ActiveCfg = Release|Any CPU
		{11111111-0002-0000-0000-000000000000}.Release|Any CPU.Build.0 = Release|Any CPU
		{11111111-0003-0000-0000-000000000000}.Debug|Any CPU.ActiveCfg = Debug|Any CPU
		{11111111-0003-0000-0000-000000000000}.Debug|Any CPU.Build.0 = Debug|Any CPU
		{11111111-0003-0000-0000-000000000000}.Release|Any CPU.ActiveCfg = Release|Any CPU
		{11111111-0003-0000-0000-000000000000}.Release|Any CPU.Build.0 = Release|Any CPU
		{11111111-0004-0000-0000-000000000000}.Debug|Any CPU.ActiveCfg = Debug|Any CPU
		{11111111-0004-0000-0000-000000000000}.Debug|Any CPU.Build.0 = Debug|Any CPU
		{11111111-0004-0000-0000-000000000000}.Release|Any CPU.ActiveCfg = Release|Any CPU
		{11111111-0004-0000-0000-000000000000}.Release|Any CPU.Build.0 = Release|Any CPU
		{11111111-0005-0000-0000-000000000000}.Debug|Any CPU.ActiveCfg = Debug|Any CPU
		{11111111-0005-0000-0000-000000000000}.Debug|Any CPU.Build.0 = Debug|Any CPU
		{11111111-0005-0000-0000-000000000000}.Release|Any CPU.ActiveCfg = Release|Any CPU
		{11111111-0005-0000-0000-000000000000}.Release|Any CPU.Build.0 = Release|Any CPU
		{11111111-0006-0000-0000-000000000000}.Debug|Any CPU.ActiveCfg = Debug|Any CPU
		{11111111-0006-0000-0000-000000000000}.Debug|Any CPU.Build.0 = Debug|Any CPU
		{11111111-0006-0000-0000-000000000000}.Release|Any CPU.ActiveCfg = Release|Any CPU
		{11111111-0006-0000-0000-000000000000}.Release|Any CPU.Build.0 = Release|Any CPU
		{11111111-0007-0000-0000-000000000000}.Debug|Any CPU.ActiveCfg = Debug|Any CPU
		{11111111-0007-0000-0000-000000000000}.Debug|Any CPU.Build.0 = Debug|Any CPU
		{11111111-0007-0000-0000-000000000000}.Release|Any CPU.ActiveCfg = Release|Any CPU
		{11111111-0007-0000-0000-000000000000}.Release|Any CPU.Build.0 = Release|Any CPU
	EndGlobalSection
	GlobalSection(NestedProjects) = preSolution
		{11111111-0001-0000-0000-000000000000} = {FOLDER0001-0000-0000-0000-000000000000}
		{11111111-0002-0000-0000-000000000000} = {FOLDER0001-0000-0000-0000-000000000000}
		{11111111-0003-0000-0000-000000000000} = {FOLDER0001-0000-0000-0000-000000000000}
		{11111111-0004-0000-0000-000000000000} = {FOLDER0001-0000-0000-0000-000000000000}
		{11111111-0005-0000-0000-000000000000} = {FOLDER0001-0000-0000-0000-000000000000}
		{11111111-0006-0000-0000-000000000000} = {FOLDER0002-0000-0000-0000-000000000000}
		{11111111-0007-0000-0000-000000000000} = {FOLDER0002-0000-0000-0000-000000000000}
	EndGlobalSection
EndGlobal
